
Microsoft Visual Studio Solution File, Format Version 12.00
# Visual Studio 15
VisualStudioVersion = 15.0.28307.168
MinimumVisualStudioVersion = 10.0.40219.1
Project("{FAE04EC0-301F-11D3-BF4B-00C04F79EFBC}") = "AutomaticHwChecker", "AutomaticHwChecker\AutomaticHwChecker.csproj", "{A24F7FF0-900F-4D2D-8E17-F3ACEB942BA7}"
EndProject
Global
	GlobalSection(SolutionConfigurationPlatforms) = preSolution
		Debug|Any CPU = Debug|Any CPU
		Release|Any CPU = Release|Any CPU
	EndGlobalSection
	GlobalSection(ProjectConfigurationPlatforms) = postSolution
		{A24F7FF0-900F-4D2D-8E17-F3ACEB942BA7}.Debug|Any CPU.ActiveCfg = Debug|Any CPU
		{A24F7FF0-900F-4D2D-8E17-F3ACEB942BA7}.Debug|Any CPU.Build.0 = Debug|Any CPU
		{A24F7FF0-900F-4D2D-8E17-F3ACEB942BA7}.Release|Any CPU.ActiveCfg = Release|Any CPU
		{A24F7FF0-900F-4D2D-8E17-F3ACEB942BA7}.Release|Any CPU.Build.0 = Release|Any CPU
	EndGlobalSection
	GlobalSection(SolutionProperties) = preSolution
		HideSolutionNode = FALSE
	EndGlobalSection
	GlobalSection(ExtensibilityGlobals) = postSolution
		SolutionGuid = {5923AB26-2C2C-4445-BAF6-FB40E89C522D}
	EndGlobalSection
EndGlobal
